
Microsoft Visual Studio Solution File, Format Version 12.00
# Visual Studio Version 16
VisualStudioVersion = 16.0.31729.503
MinimumVisualStudioVersion = 10.0.40219.1
Project("{FAE04EC0-301F-11D3-BF4B-00C04F79EFBC}") = "AspCoreIdentity", "AspCoreIdentity\AspCoreIdentity.csproj", "{34CF5DCD-7673-49F2-A6AC-1C03B6E8900E}"
EndProject
Global
	GlobalSection(SolutionConfigurationPlatforms) = preSolution
		Debug|Any CPU = Debug|Any CPU
		Release|Any CPU = Release|Any CPU
	EndGlobalSection
	GlobalSection(ProjectConfigurationPlatforms) = postSolution
		{34CF5DCD-7673-49F2-A6AC-1C03B6E8900E}.Debug|Any CPU.ActiveCfg = Debug|Any CPU
		{34CF5DCD-7673-49F2-A6AC-1C03B6E8900E}.Debug|Any CPU.Build.0 = Debug|Any CPU
		{34CF5DCD-7673-49F2-A6AC-1C03B6E8900E}.Release|Any CPU.ActiveCfg = Release|Any CPU
		{34CF5DCD-7673-49F2-A6AC-1C03B6E8900E}.Release|Any CPU.Build.0 = Release|Any CPU
	EndGlobalSection
	GlobalSection(SolutionProperties) = preSolution
		HideSolutionNode = FALSE
	EndGlobalSection
	GlobalSection(ExtensibilityGlobals) = postSolution
		SolutionGuid = {31F3E2FD-4867-49C3-B673-4BB750A6C59A}
	EndGlobalSection
EndGlobal
